PODS:
  - AFNetworking (3.1.0):
    - AFNetworking/NSURLSession (= 3.1.0)
    - AFNetworking/Reachability (= 3.1.0)
    - AFNetworking/Security (= 3.1.0)
    - AFNetworking/Serialization (= 3.1.0)
    - AFNetworking/UIKit (= 3.1.0)
  - AFNetworking/NSURLSession (3.1.0):
    - AFNetworking/Reachability
    - AFNetworking/Security
    - AFNetworking/Serialization
  - AFNetworking/Reachability (3.1.0)
  - AFNetworking/Security (3.1.0)
  - AFNetworking/Serialization (3.1.0)
  - AFNetworking/UIKit (3.1.0):
    - AFNetworking/NSURLSession
  - MBProgressHUD (0.9.2)
  - MFSideMenu (0.5.5)
  - MJExtension (2.5.16)
  - MJRefresh (3.0.8)
  - SDWebImage (3.7.5):
    - SDWebImage/Core (= 3.7.5)
  - SDWebImage/Core (3.7.5)

DEPENDENCIES:
  - AFNetworking (~> 3.1.0)
  - MBProgressHUD (~> 0.9.1)
  - MFSideMenu
  - MJExtension (~> 2.5.6)
  - MJRefresh (~> 3.0.7)
  - SDWebImage (~> 3.7.3)

SPEC CHECKSUMS:
  AFNetworking: 5e0e199f73d8626b11e79750991f5d173d1f8b67
  MBProgressHUD: 1569cf7ace17a8bac47aabfbb8580a49690386d1
  MFSideMenu: 268122e6894f2747fc3a2b48578100b232506c60
  MJExtension: b8c1321a77d91bcc007b94d38cbf5383c95ea30e
  MJRefresh: fafde8f18f4afd66b434331a9beb67a6c0264056
  SDWebImage: 69c6303e3348fba97e03f65d65d4fbc26740f461

COCOAPODS: 0.39.0
